// !$*UTF8*$!
{
	archiveVersion = 1;
	classes = {
	};
	objectVersion = 50;
	objects = {

/* Begin PBXBuildFile section */
		3778101122BC0C90008919C5 /* AppDelegate.swift in Sources */ = {isa = PBXBuildFile; fileRef = 3778101022BC0C90008919C5 /* AppDelegate.swift */; };
		3778101322BC0C90008919C5 /* SceneDelegate.swift in Sources */ = {isa = PBXBuildFile; fileRef = 3778101222BC0C90008919C5 /* SceneDelegate.swift */; };
		3778101522BC0C90008919C5 /* ContentView.swift in Sources */ = {isa = PBXBuildFile; fileRef = 3778101422BC0C90008919C5 /* ContentView.swift */; };
		3778101722BC0C92008919C5 /* Assets.xcassets in Resources */ = {isa = PBXBuildFile; fileRef = 3778101622BC0C92008919C5 /* Assets.xcassets */; };
		3778101A22BC0C92008919C5 /* Preview Assets.xcassets in Resources */ = {isa = PBXBuildFile; fileRef = 3778101922BC0C92008919C5 /* Preview Assets.xcassets */; };
		3778101D22BC0C92008919C5 /* LaunchScreen.storyboard in Resources */ = {isa = PBXBuildFile; fileRef = 3778101B22BC0C92008919C5 /* LaunchScreen.storyboard */; };
		3778102822BC0C93008919C5 /* DynamicsListSwiftUIAppTests.swift in Sources */ = {isa = PBXBuildFile; fileRef = 3778102722BC0C93008919C5 /* DynamicsListSwiftUIAppTests.swift */; };
		3778103322BC0C93008919C5 /* DynamicsListSwiftUIAppUITests.swift in Sources */ = {isa = PBXBuildFile; fileRef = 3778103222BC0C93008919C5 /* DynamicsListSwiftUIAppUITests.swift */; };
/* End PBXBuildFile section */

/* Begin PBXContainerItemProxy section */
		3778102422BC0C93008919C5 /* PBXContainerItemProxy */ = {
			isa = PBXContainerItemProxy;
			containerPortal = 3778100522BC0C90008919C5 /* Project object */;
			proxyType = 1;
			remoteGlobalIDString = 3778100C22BC0C90008919C5;
			remoteInfo = DynamicsListSwiftUIApp;
		};
		3778102F22BC0C93008919C5 /* PBXContainerItemProxy */ = {
			isa = PBXContainerItemProxy;
			containerPortal = 3778100522BC0C90008919C5 /* Project object */;
			proxyType = 1;
			remoteGlobalIDString = 3778100C22BC0C90008919C5;
			remoteInfo = DynamicsListSwiftUIApp;
		};
/* End PBXContainerItemProxy section */

/* Begin PBXFileReference section */
		3778100D22BC0C90008919C5 /* DynamicsListSwiftUIApp.app */ = {isa = PBXFileReference; explicitFileType = wrapper.application; includeInIndex = 0; path = DynamicsListSwiftUIApp.app; sourceTree = BUILT_PRODUCTS_DIR; };
		3778101022BC0C90008919C5 /* AppDelegate.swift */ = {isa = PBXFileReference; lastKnownFileType = sourcecode.swift; path = AppDelegate.swift; sourceTree = "<group>"; };
		3778101222BC0C90008919C5 /* SceneDelegate.swift */ = {isa = PBXFileReference; lastKnownFileType = sourcecode.swift; path = SceneDelegate.swift; sourceTree = "<group>"; };
		3778101422BC0C90008919C5 /* ContentView.swift */ = {isa = PBXFileReference; lastKnownFileType = sourcecode.swift; path = ContentView.swift; sourceTree = "<group>"; };
		3778101622BC0C92008919C5 /* Assets.xcassets */ = {isa = PBXFileReference; lastKnownFileType = folder.assetcatalog; path = Assets.xcassets; sourceTree = "<group>"; };
		3778101922BC0C92008919C5 /* Preview Assets.xcassets */ = {isa = PBXFileReference; lastKnownFileType = folder.assetcatalog; path = "Preview Assets.xcassets"; sourceTree = "<group>"; };
		3778101C22BC0C92008919C5 /* Base */ = {isa = PBXFileReference; lastKnownFileType = file.storyboard; name = Base; path = Base.lproj/LaunchScreen.storyboard; sourceTree = "<group>"; };
		3778101E22BC0C92008919C5 /* Info.plist */ = {isa = PBXFileReference; lastKnownFileType = text.plist.xml; path = Info.plist; sourceTree = "<group>"; };
		3778102322BC0C93008919C5 /* DynamicsListSwiftUIAppTests.xctest */ = {isa = PBXFileReference; explicitFileType = wrapper.cfbundle; includeInIndex = 0; path = DynamicsListSwiftUIAppTests.xctest; sourceTree = BUILT_PRODUCTS_DIR; };
		3778102722BC0C93008919C5 /* DynamicsListSwiftUIAppTests.swift */ = {isa = PBXFileReference; lastKnownFileType = sourcecode.swift; path = DynamicsListSwiftUIAppTests.swift; sourceTree = "<group>"; };
		3778102922BC0C93008919C5 /* Info.plist */ = {isa = PBXFileReference; lastKnownFileType = text.plist.xml; path = Info.plist; sourceTree = "<group>"; };
		3778102E22BC0C93008919C5 /* DynamicsListSwiftUIAppUITests.xctest */ = {isa = PBXFileReference; explicitFileType = wrapper.cfbundle; includeInIndex = 0; path = DynamicsListSwiftUIAppUITests.xctest; sourceTree = BUILT_PRODUCTS_DIR; };
		3778103222BC0C93008919C5 /* DynamicsListSwiftUIAppUITests.swift */ = {isa = PBXFileReference; lastKnownFileType = sourcecode.swift; path = DynamicsListSwiftUIAppUITests.swift; sourceTree = "<group>"; };
		3778103422BC0C93008919C5 /* Info.plist */ = {isa = PBXFileReference; lastKnownFileType = text.plist.xml; path = Info.plist; sourceTree = "<group>"; };
/* End PBXFileReference section */

/* Begin PBXFrameworksBuildPhase section */
		3778100A22BC0C90008919C5 /* Frameworks */ = {
			isa = PBXFrameworksBuildPhase;
			buildActionMask = 2147483647;
			files = (
			);
			runOnlyForDeploymentPostprocessing = 0;
		};
		3778102022BC0C93008919C5 /* Frameworks */ = {
			isa = PBXFrameworksBuildPhase;
			buildActionMask = 2147483647;
			files = (
			);
			runOnlyForDeploymentPostprocessing = 0;
		};
		3778102B22BC0C93008919C5 /* Frameworks */ = {
			isa = PBXFrameworksBuildPhase;
			buildActionMask = 2147483647;
			files = (
			);
			runOnlyForDeploymentPostprocessing = 0;
		};
/* End PBXFrameworksBuildPhase section */

/* Begin PBXGroup section */
		3778100422BC0C90008919C5 = {
			isa = PBXGroup;
			children = (
				3778100F22BC0C90008919C5 /* DynamicsListSwiftUIApp */,
				3778102622BC0C93008919C5 /* DynamicsListSwiftUIAppTests */,
				3778103122BC0C93008919C5 /* DynamicsListSwiftUIAppUITests */,
				3778100E22BC0C90008919C5 /* Products */,
			);
			sourceTree = "<group>";
		};
		3778100E22BC0C90008919C5 /* Products */ = {
			isa = PBXGroup;
			children = (
				3778100D22BC0C90008919C5 /* DynamicsListSwiftUIApp.app */,
				3778102322BC0C93008919C5 /* DynamicsListSwiftUIAppTests.xctest */,
				3778102E22BC0C93008919C5 /* DynamicsListSwiftUIAppUITests.xctest */,
			);
			name = Products;
			sourceTree = "<group>";
		};
		3778100F22BC0C90008919C5 /* DynamicsListSwiftUIApp */ = {
			isa = PBXGroup;
			children = (
				3778101022BC0C90008919C5 /* AppDelegate.swift */,
				3778101222BC0C90008919C5 /* SceneDelegate.swift */,
				3778101422BC0C90008919C5 /* ContentView.swift */,
				3778101622BC0C92008919C5 /* Assets.xcassets */,
				3778101B22BC0C92008919C5 /* LaunchScreen.storyboard */,
				3778101E22BC0C92008919C5 /* Info.plist */,
				3778101822BC0C92008919C5 /* Preview Content */,
			);
			path = DynamicsListSwiftUIApp;
			sourceTree = "<group>";
		};
		3778101822BC0C92008919C5 /* Preview Content */ = {
			isa = PBXGroup;
			children = (
				3778101922BC0C92008919C5 /* Preview Assets.xcassets */,
			);
			path = "Preview Content";
			sourceTree = "<group>";
		};
		3778102622BC0C93008919C5 /* DynamicsListSwiftUIAppTests */ = {
			isa = PBXGroup;
			children = (
				3778102722BC0C93008919C5 /* DynamicsListSwiftUIAppTests.swift */,
				3778102922BC0C93008919C5 /* Info.plist */,
			);
			path = DynamicsListSwiftUIAppTests;
			sourceTree = "<group>";
		};
		3778103122BC0C93008919C5 /* DynamicsListSwiftUIAppUITests */ = {
			isa = PBXGroup;
			children = (
				3778103222BC0C93008919C5 /* DynamicsListSwiftUIAppUITests.swift */,
				3778103422BC0C93008919C5 /* Info.plist */,
			);
			path = DynamicsListSwiftUIAppUITests;
			sourceTree = "<group>";
		};
/* End PBXGroup section */

/* Begin PBXNativeTarget section */
		3778100C22BC0C90008919C5 /* DynamicsListSwiftUIApp */ = {
			isa = PBXNativeTarget;
			buildConfigurationList = 3778103722BC0C93008919C5 /* Build configuration list for PBXNativeTarget "DynamicsListSwiftUIApp" */;
			buildPhases = (
				3778100922BC0C90008919C5 /* Sources */,
				3778100A22BC0C90008919C5 /* Frameworks */,
				3778100B22BC0C90008919C5 /* Resources */,
			);
			buildRules = (
			);
			dependencies = (
			);
			name = DynamicsListSwiftUIApp;
			productName = DynamicsListSwiftUIApp;
			productReference = 3778100D22BC0C90008919C5 /* DynamicsListSwiftUIApp.app */;
			productType = "com.apple.product-type.application";
		};
		3778102222BC0C93008919C5 /* DynamicsListSwiftUIAppTests */ = {
			isa = PBXNativeTarget;
			buildConfigurationList = 3778103A22BC0C93008919C5 /* Build configuration list for PBXNativeTarget "DynamicsListSwiftUIAppTests" */;
			buildPhases = (
				3778101F22BC0C93008919C5 /* Sources */,
				3778102022BC0C93008919C5 /* Frameworks */,
				3778102122BC0C93008919C5 /* Resources */,
			);
			buildRules = (
			);
			dependencies = (
				3778102522BC0C93008919C5 /* PBXTargetDependency */,
			);
			name = DynamicsListSwiftUIAppTests;
			productName = DynamicsListSwiftUIAppTests;
			productReference = 3778102322BC0C93008919C5 /* DynamicsListSwiftUIAppTests.xctest */;
			productType = "com.apple.product-type.bundle.unit-test";
		};
		3778102D22BC0C93008919C5 /* DynamicsListSwiftUIAppUITests */ = {
			isa = PBXNativeTarget;
			buildConfigurationList = 3778103D22BC0C93008919C5 /* Build configuration list for PBXNativeTarget "DynamicsListSwiftUIAppUITests" */;
			buildPhases = (
				3778102A22BC0C93008919C5 /* Sources */,
				3778102B22BC0C93008919C5 /* Frameworks */,
				3778102C22BC0C93008919C5 /* Resources */,
			);
			buildRules = (
			);
			dependencies = (
				3778103022BC0C93008919C5 /* PBXTargetDependency */,
			);
			name = DynamicsListSwiftUIAppUITests;
			productName = DynamicsListSwiftUIAppUITests;
			productReference = 3778102E22BC0C93008919C5 /* DynamicsListSwiftUIAppUITests.xctest */;
			productType = "com.apple.product-type.bundle.ui-testing";
		};
/* End PBXNativeTarget section */

/* Begin PBXProject section */
		3778100522BC0C90008919C5 /* Project object */ = {
			isa = PBXProject;
			attributes = {
				LastSwiftUpdateCheck = 1100;
				LastUpgradeCheck = 1100;
				ORGANIZATIONNAME = "wesley s favarin";
				TargetAttributes = {
					3778100C22BC0C90008919C5 = {
						CreatedOnToolsVersion = 11.0;
					};
					3778102222BC0C93008919C5 = {
						CreatedOnToolsVersion = 11.0;
						TestTargetID = 3778100C22BC0C90008919C5;
					};
					3778102D22BC0C93008919C5 = {
						CreatedOnToolsVersion = 11.0;
						TestTargetID = 3778100C22BC0C90008919C5;
					};
				};
			};
			buildConfigurationList = 3778100822BC0C90008919C5 /* Build configuration list for PBXProject "DynamicsListSwiftUIApp" */;
			compatibilityVersion = "Xcode 9.3";
			developmentRegion = en;
			hasScannedForEncodings = 0;
			knownRegions = (
				en,
				Base,
			);
			mainGroup = 3778100422BC0C90008919C5;
			productRefGroup = 3778100E22BC0C90008919C5 /* Products */;
			projectDirPath = "";
			projectRoot = "";
			targets = (
				3778100C22BC0C90008919C5 /* DynamicsListSwiftUIApp */,
				3778102222BC0C93008919C5 /* DynamicsListSwiftUIAppTests */,
				3778102D22BC0C93008919C5 /* DynamicsListSwiftUIAppUITests */,
			);
		};
/* End PBXProject section */

/* Begin PBXResourcesBuildPhase section */
		3778100B22BC0C90008919C5 /* Resources */ = {
			isa = PBXResourcesBuildPhase;
			buildActionMask = 2147483647;
			files = (
				3778101D22BC0C92008919C5 /* LaunchScreen.storyboard in Resources */,
				3778101A22BC0C92008919C5 /* Preview Assets.xcassets in Resources */,
				3778101722BC0C92008919C5 /* Assets.xcassets in Resources */,
			);
			runOnlyForDeploymentPostprocessing = 0;
		};
		3778102122BC0C93008919C5 /* Resources */ = {
			isa = PBXResourcesBuildPhase;
			buildActionMask = 2147483647;
			files = (
			);
			runOnlyForDeploymentPostprocessing = 0;
		};
		3778102C22BC0C93008919C5 /* Resources */ = {
			isa = PBXResourcesBuildPhase;
			buildActionMask = 2147483647;
			files = (
			);
			runOnlyForDeploymentPostprocessing = 0;
		};
/* End PBXResourcesBuildPhase section */

/* Begin PBXSourcesBuildPhase section */
		3778100922BC0C90008919C5 /* Sources */ = {
			isa = PBXSourcesBuildPhase;
			buildActionMask = 2147483647;
			files = (
				3778101122BC0C90008919C5 /* AppDelegate.swift in Sources */,
				3778101322BC0C90008919C5 /* SceneDelegate.swift in Sources */,
				3778101522BC0C90008919C5 /* ContentView.swift in Sources */,
			);
			runOnlyForDeploymentPostprocessing = 0;
		};
		3778101F22BC0C93008919C5 /* Sources */ = {
			isa = PBXSourcesBuildPhase;
			buildActionMask = 2147483647;
			files = (
				3778102822BC0C93008919C5 /* DynamicsListSwiftUIAppTests.swift in Sources */,
			);
			runOnlyForDeploymentPostprocessing = 0;
		};
		3778102A22BC0C93008919C5 /* Sources */ = {
			isa = PBXSourcesBuildPhase;
			buildActionMask = 2147483647;
			files = (
				3778103322BC0C93008919C5 /* DynamicsListSwiftUIAppUITests.swift in Sources */,
			);
			runOnlyForDeploymentPostprocessing = 0;
		};
/* End PBXSourcesBuildPhase section */

/* Begin PBXTargetDependency section */
		3778102522BC0C93008919C5 /* PBXTargetDependency */ = {
			isa = PBXTargetDependency;
			target = 3778100C22BC0C90008919C5 /* DynamicsListSwiftUIApp */;
			targetProxy = 3778102422BC0C93008919C5 /* PBXContainerItemProxy */;
		};
		3778103022BC0C93008919C5 /* PBXTargetDependency */ = {
			isa = PBXTargetDependency;
			target = 3778100C22BC0C90008919C5 /* DynamicsListSwiftUIApp */;
			targetProxy = 3778102F22BC0C93008919C5 /* PBXContainerItemProxy */;
		};
/* End PBXTargetDependency section */

/* Begin PBXVariantGroup section */
		3778101B22BC0C92008919C5 /* LaunchScreen.storyboard */ = {
			isa = PBXVariantGroup;
			children = (
				3778101C22BC0C92008919C5 /* Base */,
			);
			name = LaunchScreen.storyboard;
			sourceTree = "<group>";
		};
/* End PBXVariantGroup section */

/* Begin XCBuildConfiguration section */
		3778103522BC0C93008919C5 /* Debug */ = {
			isa = XCBuildConfiguration;
			buildSettings = {
				ALWAYS_SEARCH_USER_PATHS = NO;
				CLANG_ANALYZER_NONNULL = YES;
				CLANG_ANALYZER_NUMBER_OBJECT_CONVERSION = YES_AGGRESSIVE;
				CLANG_CXX_LANGUAGE_STANDARD = "gnu++14";
				CLANG_CXX_LIBRARY = "libc++";
				CLANG_ENABLE_MODULES = YES;
				CLANG_ENABLE_OBJC_ARC = YES;
				CLANG_ENABLE_OBJC_WEAK = YES;
				CLANG_WARN_BLOCK_CAPTURE_AUTORELEASING = YES;
				CLANG_WARN_BOOL_CONVERSION = YES;
				CLANG_WARN_COMMA = YES;
				CLANG_WARN_CONSTANT_CONVERSION = YES;
				CLANG_WARN_DEPRECATED_OBJC_IMPLEMENTATIONS = YES;
				CLANG_WARN_DIRECT_OBJC_ISA_USAGE = YES_ERROR;
				CLANG_WARN_DOCUMENTATION_COMMENTS = YES;
				CLANG_WARN_EMPTY_BODY = YES;
				CLANG_WARN_ENUM_CONVERSION = YES;
				CLANG_WARN_INFINITE_RECURSION = YES;
				CLANG_WARN_INT_CONVERSION = YES;
				CLANG_WARN_NON_LITERAL_NULL_CONVERSION = YES;
				CLANG_WARN_OBJC_IMPLICIT_RETAIN_SELF = YES;
				CLANG_WARN_OBJC_LITERAL_CONVERSION = YES;
				CLANG_WARN_OBJC_ROOT_CLASS = YES_ERROR;
				CLANG_WARN_RANGE_LOOP_ANALYSIS = YES;
				CLANG_WARN_STRICT_PROTOTYPES = YES;
				CLANG_WARN_SUSPICIOUS_MOVE = YES;
				CLANG_WARN_UNGUARDED_AVAILABILITY = YES_AGGRESSIVE;
				CLANG_WARN_UNREACHABLE_CODE = YES;
				CLANG_WARN__DUPLICATE_METHOD_MATCH = YES;
				COPY_PHASE_STRIP = NO;
				DEBUG_INFORMATION_FORMAT = dwarf;
				ENABLE_STRICT_OBJC_MSGSEND = YES;
				ENABLE_TESTABILITY = YES;
				GCC_C_LANGUAGE_STANDARD = gnu11;
				GCC_DYNAMIC_NO_PIC = NO;
				GCC_NO_COMMON_BLOCKS = YES;
				GCC_OPTIMIZATION_LEVEL = 0;
				GCC_PREPROCESSOR_DEFINITIONS = (
					"DEBUG=1",
					"$(inherited)",
				);
				GCC_WARN_64_TO_32_BIT_CONVERSION = YES;
				GCC_WARN_ABOUT_RETURN_TYPE = YES_ERROR;
				GCC_WARN_UNDECLARED_SELECTOR = YES;
				GCC_WARN_UNINITIALIZED_AUTOS = YES_AGGRESSIVE;
				GCC_WARN_UNUSED_FUNCTION = YES;
				GCC_WARN_UNUSED_VARIABLE = YES;
				IPHONEOS_DEPLOYMENT_TARGET = 13.0;
				MTL_ENABLE_DEBUG_INFO = INCLUDE_SOURCE;
				MTL_FAST_MATH = YES;
				ONLY_ACTIVE_ARCH = YES;
				SDKROOT = iphoneos;
				SWIFT_ACTIVE_COMPILATION_CONDITIONS = DEBUG;
				SWIFT_OPTIMIZATION_LEVEL = "-Onone";
			};
			name = Debug;
		};
		3778103622BC0C93008919C5 /* Release */ = {
			isa = XCBuildConfiguration;
			buildSettings = {
				ALWAYS_SEARCH_USER_PATHS = NO;
				CLANG_ANALYZER_NONNULL = YES;
				CLANG_ANALYZER_NUMBER_OBJECT_CONVERSION = YES_AGGRESSIVE;
				CLANG_CXX_LANGUAGE_STANDARD = "gnu++14";
				CLANG_CXX_LIBRARY = "libc++";
				CLANG_ENABLE_MODULES = YES;
				CLANG_ENABLE_OBJC_ARC = YES;
				CLANG_ENABLE_OBJC_WEAK = YES;
				CLANG_WARN_BLOCK_CAPTURE_AUTORELEASING = YES;
				CLANG_WARN_BOOL_CONVERSION = YES;
				CLANG_WARN_COMMA = YES;
				CLANG_WARN_CONSTANT_CONVERSION = YES;
				CLANG_WARN_DEPRECATED_OBJC_IMPLEMENTATIONS = YES;
				CLANG_WARN_DIRECT_OBJC_ISA_USAGE = YES_ERROR;
				CLANG_WARN_DOCUMENTATION_COMMENTS = YES;
				CLANG_WARN_EMPTY_BODY = YES;
				CLANG_WARN_ENUM_CONVERSION = YES;
				CLANG_WARN_INFINITE_RECURSION = YES;
				CLANG_WARN_INT_CONVERSION = YES;
				CLANG_WARN_NON_LITERAL_NULL_CONVERSION = YES;
				CLANG_WARN_OBJC_IMPLICIT_RETAIN_SELF = YES;
				CLANG_WARN_OBJC_LITERAL_CONVERSION = YES;
				CLANG_WARN_OBJC_ROOT_CLASS = YES_ERROR;
				CLANG_WARN_RANGE_LOOP_ANALYSIS = YES;
				CLANG_WARN_STRICT_PROTOTYPES = YES;
				CLANG_WARN_SUSPICIOUS_MOVE = YES;
				CLANG_WARN_UNGUARDED_AVAILABILITY = YES_AGGRESSIVE;
				CLANG_WARN_UNREACHABLE_CODE = YES;
				CLANG_WARN__DUPLICATE_METHOD_MATCH = YES;
				COPY_PHASE_STRIP = NO;
				DEBUG_INFORMATION_FORMAT = "dwarf-with-dsym";
				ENABLE_NS_ASSERTIONS = NO;
				ENABLE_STRICT_OBJC_MSGSEND = YES;
				GCC_C_LANGUAGE_STANDARD = gnu11;
				GCC_NO_COMMON_BLOCKS = YES;
				GCC_WARN_64_TO_32_BIT_CONVERSION = YES;
				GCC_WARN_ABOUT_RETURN_TYPE = YES_ERROR;
				GCC_WARN_UNDECLARED_SELECTOR = YES;
				GCC_WARN_UNINITIALIZED_AUTOS = YES_AGGRESSIVE;
				GCC_WARN_UNUSED_FUNCTION = YES;
				GCC_WARN_UNUSED_VARIABLE = YES;
				IPHONEOS_DEPLOYMENT_TARGET = 13.0;
				MTL_ENABLE_DEBUG_INFO = NO;
				MTL_FAST_MATH = YES;
				SDKROOT = iphoneos;
				SWIFT_COMPILATION_MODE = wholemodule;
				SWIFT_OPTIMIZATION_LEVEL = "-O";
				VALIDATE_PRODUCT = YES;
			};
			name = Release;
		};
		3778103822BC0C93008919C5 /* Debug */ = {
			isa = XCBuildConfiguration;
			buildSettings = {
				ASSETCATALOG_COMPILER_APPICON_NAME = AppIcon;
				CODE_SIGN_STYLE = Automatic;
				DEVELOPMENT_ASSET_PATHS = "DynamicsListSwiftUIApp/Preview\\ Content";
				DEVELOPMENT_TEAM = TMBBB4Z65G;
				ENABLE_PREVIEWS = YES;
				INFOPLIST_FILE = DynamicsListSwiftUIApp/Info.plist;
				LD_RUNPATH_SEARCH_PATHS = (
					"$(inherited)",
					"@executable_path/Frameworks",
				);
				PRODUCT_BUNDLE_IDENTIFIER = com.appswiftui.com.DynamicsListSwiftUIApp;
				PRODUCT_NAME = "$(TARGET_NAME)";
				SWIFT_VERSION = 5.0;
				TARGETED_DEVICE_FAMILY = "1,2";
			};
			name = Debug;
		};
		3778103922BC0C93008919C5 /* Release */ = {
			isa = XCBuildConfiguration;
			buildSettings = {
				ASSETCATALOG_COMPILER_APPICON_NAME = AppIcon;
				CODE_SIGN_STYLE = Automatic;
				DEVELOPMENT_ASSET_PATHS = "DynamicsListSwiftUIApp/Preview\\ Content";
				DEVELOPMENT_TEAM = TMBBB4Z65G;
				ENABLE_PREVIEWS = YES;
				INFOPLIST_FILE = DynamicsListSwiftUIApp/Info.plist;
				LD_RUNPATH_SEARCH_PATHS = (
					"$(inherited)",
					"@executable_path/Frameworks",
				);
				PRODUCT_BUNDLE_IDENTIFIER = com.appswiftui.com.DynamicsListSwiftUIApp;
				PRODUCT_NAME = "$(TARGET_NAME)";
				SWIFT_VERSION = 5.0;
				TARGETED_DEVICE_FAMILY = "1,2";
			};
			name = Release;
		};
		3778103B22BC0C93008919C5 /* Debug */ = {
			isa = XCBuildConfiguration;
			buildSettings = {
				ALWAYS_EMBED_SWIFT_STANDARD_LIBRARIES = YES;
				BUNDLE_LOADER = "$(TEST_HOST)";
				CODE_SIGN_STYLE = Automatic;
				DEVELOPMENT_TEAM = TMBBB4Z65G;
				INFOPLIST_FILE = DynamicsListSwiftUIAppTests/Info.plist;
				LD_RUNPATH_SEARCH_PATHS = (
					"$(inherited)",
					"@executable_path/Frameworks",
					"@loader_path/Frameworks",
				);
				PRODUCT_BUNDLE_IDENTIFIER = com.appswiftui.com.DynamicsListSwiftUIAppTests;
				PRODUCT_NAME = "$(TARGET_NAME)";
				SWIFT_VERSION = 5.0;
				TARGETED_DEVICE_FAMILY = "1,2";
				TEST_HOST = "$(BUILT_PRODUCTS_DIR)/DynamicsListSwiftUIApp.app/DynamicsListSwiftUIApp";
			};
			name = Debug;
		};
		3778103C22BC0C93008919C5 /* Release */ = {
			isa = XCBuildConfiguration;
			buildSettings = {
				ALWAYS_EMBED_SWIFT_STANDARD_LIBRARIES = YES;
				BUNDLE_LOADER = "$(TEST_HOST)";
				CODE_SIGN_STYLE = Automatic;
				DEVELOPMENT_TEAM = TMBBB4Z65G;
				INFOPLIST_FILE = DynamicsListSwiftUIAppTests/Info.plist;
				LD_RUNPATH_SEARCH_PATHS = (
					"$(inherited)",
					"@executable_path/Frameworks",
					"@loader_path/Frameworks",
				);
				PRODUCT_BUNDLE_IDENTIFIER = com.appswiftui.com.DynamicsListSwiftUIAppTests;
				PRODUCT_NAME = "$(TARGET_NAME)";
				SWIFT_VERSION = 5.0;
				TARGETED_DEVICE_FAMILY = "1,2";
				TEST_HOST = "$(BUILT_PRODUCTS_DIR)/DynamicsListSwiftUIApp.app/DynamicsListSwiftUIApp";
			};
			name = Release;
		};
		3778103E22BC0C93008919C5 /* Debug */ = {
			isa = XCBuildConfiguration;
			buildSettings = {
				ALWAYS_EMBED_SWIFT_STANDARD_LIBRARIES = YES;
				CODE_SIGN_STYLE = Automatic;
				DEVELOPMENT_TEAM = TMBBB4Z65G;
				INFOPLIST_FILE = DynamicsListSwiftUIAppUITests/Info.plist;
				LD_RUNPATH_SEARCH_PATHS = (
					"$(inherited)",
					"@executable_path/Frameworks",
					"@loader_path/Frameworks",
				);
				PRODUCT_BUNDLE_IDENTIFIER = com.appswiftui.com.DynamicsListSwiftUIAppUITests;
				PRODUCT_NAME = "$(TARGET_NAME)";
				SWIFT_VERSION = 5.0;
				TARGETED_DEVICE_FAMILY = "1,2";
				TEST_TARGET_NAME = DynamicsListSwiftUIApp;
			};
			name = Debug;
		};
		3778103F22BC0C93008919C5 /* Release */ = {
			isa = XCBuildConfiguration;
			buildSettings = {
				ALWAYS_EMBED_SWIFT_STANDARD_LIBRARIES = YES;
				CODE_SIGN_STYLE = Automatic;
				DEVELOPMENT_TEAM = TMBBB4Z65G;
				INFOPLIST_FILE = DynamicsListSwiftUIAppUITests/Info.plist;
				LD_RUNPATH_SEARCH_PATHS = (
					"$(inherited)",
					"@executable_path/Frameworks",
					"@loader_path/Frameworks",
				);
				PRODUCT_BUNDLE_IDENTIFIER = com.appswiftui.com.DynamicsListSwiftUIAppUITests;
				PRODUCT_NAME = "$(TARGET_NAME)";
				SWIFT_VERSION = 5.0;
				TARGETED_DEVICE_FAMILY = "1,2";
				TEST_TARGET_NAME = DynamicsListSwiftUIApp;
			};
			name = Release;
		};
/* End XCBuildConfiguration section */

/* Begin XCConfigurationList section */
		3778100822BC0C90008919C5 /* Build configuration list for PBXProject "DynamicsListSwiftUIApp" */ = {
			isa = XCConfigurationList;
			buildConfigurations = (
				3778103522BC0C93008919C5 /* Debug */,
				3778103622BC0C93008919C5 /* Release */,
			);
			defaultConfigurationIsVisible = 0;
			defaultConfigurationName = Release;
		};
		3778103722BC0C93008919C5 /* Build configuration list for PBXNativeTarget "DynamicsListSwiftUIApp" */ = {
			isa = XCConfigurationList;
			buildConfigurations = (
				3778103822BC0C93008919C5 /* Debug */,
				3778103922BC0C93008919C5 /* Release */,
			);
			defaultConfigurationIsVisible = 0;
			defaultConfigurationName = Release;
		};
		3778103A22BC0C93008919C5 /* Build configuration list for PBXNativeTarget "DynamicsListSwiftUIAppTests" */ = {
			isa = XCConfigurationList;
			buildConfigurations = (
				3778103B22BC0C93008919C5 /* Debug */,
				3778103C22BC0C93008919C5 /* Release */,
			);
			defaultConfigurationIsVisible = 0;
			defaultConfigurationName = Release;
		};
		3778103D22BC0C93008919C5 /* Build configuration list for PBXNativeTarget "DynamicsListSwiftUIAppUITests" */ = {
			isa = XCConfigurationList;
			buildConfigurations = (
				3778103E22BC0C93008919C5 /* Debug */,
				3778103F22BC0C93008919C5 /* Release */,
			);
			defaultConfigurationIsVisible = 0;
			defaultConfigurationName = Release;
		};
/* End XCConfigurationList section */
	};
	rootObject = 3778100522BC0C90008919C5 /* Project object */;
}
